// This file is automatically @generated by cmd-gen.
// It is not intended for manual editing.
./crates/cli/src/commands/away.rs:5218443043971206319
./crates/cli/src/commands/background.rs:17894284442291204595
./crates/cli/src/commands/ban.rs:5283416129136997807
./crates/cli/src/commands/call.rs:17793745624863533177
./crates/cli/src/commands/cancel.rs:2734206771314791037
./crates/cli/src/commands/cd.rs:3554774861977821054
./crates/cli/src/commands/checksum.rs:5745788453837261305
./crates/cli/src/commands/clear.rs:6662965908364734934
./crates/cli/src/commands/connect.rs:8974189153648505864
./crates/cli/src/commands/create/alias.rs:521681740318687627
./crates/cli/src/commands/create/macro.rs:3118008606852770494
./crates/cli/src/commands/create/mod.rs:15636377639563332353
./crates/cli/src/commands/create_freq.rs:3718719287340078305
./crates/cli/src/commands/delete/alias.rs:11490396738800511812
./crates/cli/src/commands/delete/macro.rs:17278605707168162952
./crates/cli/src/commands/delete/mod.rs:3233824281510891009
./crates/cli/src/commands/deop.rs:13709999870513473265
./crates/cli/src/commands/disband.rs:10821693627115934359
./crates/cli/src/commands/disconnect.rs:1307165808967939447
./crates/cli/src/commands/download.rs:2146213254402999770
./crates/cli/src/commands/file_info.rs:18428778547717018215
./crates/cli/src/commands/foreground.rs:7747165108198079366
./crates/cli/src/commands/freq_info.rs:15715864479471978851
./crates/cli/src/commands/get.rs:6236003914628384275
./crates/cli/src/commands/getg.rs:15261084044442389474
./crates/cli/src/commands/ignore.rs:722448718458658229
./crates/cli/src/commands/join_freq.rs:8816635418306166137
./crates/cli/src/commands/kick.rs:1486321873469004758
./crates/cli/src/commands/leave_freq.rs:16244975477837514434
./crates/cli/src/commands/load/mod.rs:3190854736959122772
./crates/cli/src/commands/load/namespace.rs:4378383814698936002
./crates/cli/src/commands/load/plugin.rs:8719768912399163484
./crates/cli/src/commands/logs.rs:4019622791443400812
./crates/cli/src/commands/ls.rs:14344287000770988574
./crates/cli/src/commands/mkdir.rs:8580176302924499871
./crates/cli/src/commands/mod.rs:10856348180507959511
./crates/cli/src/commands/msg.rs:470962352861905962
./crates/cli/src/commands/mute.rs:939108864484916493
./crates/cli/src/commands/op.rs:2110205297879741793
./crates/cli/src/commands/proxy/mod.rs:15733980604387225294
./crates/cli/src/commands/proxy/off.rs:16023214314817460475
./crates/cli/src/commands/proxy/on.rs:10734664134148654964
./crates/cli/src/commands/pwd.rs:9428849491484642839
./crates/cli/src/commands/reconnect.rs:14883140859107254038
./crates/cli/src/commands/reply.rs:17779772937793220552
./crates/cli/src/commands/route.rs:11233854732691362483
./crates/cli/src/commands/run.rs:17188258230514279725
./crates/cli/src/commands/schedule.rs:1154650284011949617
./crates/cli/src/commands/schedule_msg.rs:13937204864497794894
./crates/cli/src/commands/sessions.rs:17637141858805743566
./crates/cli/src/commands/set.rs:2936695939019069242
./crates/cli/src/commands/setg.rs:16201217544427887197
./crates/cli/src/commands/show/active_freqs.rs:17796178287145449028
./crates/cli/src/commands/show/active_users.rs:5575743973740841941
./crates/cli/src/commands/show/globals.rs:9860998078654373254
./crates/cli/src/commands/show/locals.rs:8827139581306511228
./crates/cli/src/commands/show/mod.rs:15332462048015073820
./crates/cli/src/commands/show/moderators.rs:18298732865159432281
./crates/cli/src/commands/show/options.rs:13613688907856952360
./crates/cli/src/commands/show/variables.rs:12562943772275721762
./crates/cli/src/commands/sleep.rs:13497353562424012598
./crates/cli/src/commands/status.rs:15006074564487898406
./crates/cli/src/commands/tasks.rs:8998957500018242720
./crates/cli/src/commands/tcpm/download.rs:14518636945489601325
./crates/cli/src/commands/tcpm/install.rs:9720531233400860190
./crates/cli/src/commands/tcpm/list/downloaded.rs:15435942330315102775
./crates/cli/src/commands/tcpm/list/installed.rs:3855278203061467452
./crates/cli/src/commands/tcpm/list/loaded.rs:10539371650271812775
./crates/cli/src/commands/tcpm/list/mod.rs:6980849099181052481
./crates/cli/src/commands/tcpm/list/registry.rs:17507360879018251357
./crates/cli/src/commands/tcpm/list/updates.rs:2583545609202054009
./crates/cli/src/commands/tcpm/mod.rs:4054473508204085639
./crates/cli/src/commands/tcpm/search.rs:14435584501092363825
./crates/cli/src/commands/tcpm/show.rs:15158081158567715413
./crates/cli/src/commands/tcpm/uninstall.rs:5555648477554548888
./crates/cli/src/commands/tcpm/update.rs:10772974228508879314
./crates/cli/src/commands/trop.rs:2970162225096914822
./crates/cli/src/commands/unban.rs:7583026429269206340
./crates/cli/src/commands/unignore.rs:2808556052378768956
./crates/cli/src/commands/unload/mod.rs:2078348750848534308
./crates/cli/src/commands/unload/namespace.rs:83264606651686787
./crates/cli/src/commands/unload/plugin.rs:14302419122855623601
./crates/cli/src/commands/unmute.rs:1778744729876121141
./crates/cli/src/commands/unset.rs:18291411879357114933
./crates/cli/src/commands/unsetg.rs:6717837736727231920
./crates/cli/src/commands/upload.rs:10929493645514782913
./crates/cli/src/commands/user_info.rs:8576217415033674765
./crates/cli/src/commands/whoami.rs:7939650614793700997
