// This file is automatically @generated by cmd-gen.
// It is not intended for manual editing.
./crates/cli/src/commands/away.rs:10178126910374866757
./crates/cli/src/commands/background.rs:1590548174856931369
./crates/cli/src/commands/ban.rs:1838601315054157912
./crates/cli/src/commands/call.rs:16594100999793475389
./crates/cli/src/commands/cancel.rs:8045308864743507503
./crates/cli/src/commands/cd.rs:7527913056664076923
./crates/cli/src/commands/checksum.rs:1885268293057372104
./crates/cli/src/commands/clear.rs:3793076848877327083
./crates/cli/src/commands/connect.rs:3511887510117537854
./crates/cli/src/commands/create/alias.rs:18170669510658806105
./crates/cli/src/commands/create/macro.rs:3039859137286783773
./crates/cli/src/commands/create/mod.rs:10091588179115084047
./crates/cli/src/commands/create_freq.rs:4556681023321239097
./crates/cli/src/commands/delete/alias.rs:6956351875673923464
./crates/cli/src/commands/delete/macro.rs:14487848896780435751
./crates/cli/src/commands/delete/mod.rs:6679492433316870091
./crates/cli/src/commands/deop.rs:5761665717029537142
./crates/cli/src/commands/disband.rs:16747975906835762748
./crates/cli/src/commands/disconnect.rs:14698152888826965056
./crates/cli/src/commands/download.rs:8526668261473976282
./crates/cli/src/commands/editor.rs:3514710087354234800
./crates/cli/src/commands/file_info.rs:3669036939076403684
./crates/cli/src/commands/foreground.rs:15666339923773781488
./crates/cli/src/commands/freq_info.rs:6940366674650806943
./crates/cli/src/commands/get.rs:6919805459041639653
./crates/cli/src/commands/getg.rs:734125744303935209
./crates/cli/src/commands/ignore.rs:12498150260996022775
./crates/cli/src/commands/join_freq.rs:13416901289414863864
./crates/cli/src/commands/kick.rs:5900241460244102440
./crates/cli/src/commands/leave_freq.rs:15337969000426196648
./crates/cli/src/commands/load/mod.rs:3238419657193682679
./crates/cli/src/commands/load/namespace.rs:13914682607032690662
./crates/cli/src/commands/load/plugin.rs:7927286816360679145
./crates/cli/src/commands/logs.rs:4956916495490392648
./crates/cli/src/commands/ls.rs:15232238063544168610
./crates/cli/src/commands/mkdir.rs:860767817300729308
./crates/cli/src/commands/mod.rs:5220056803938420836
./crates/cli/src/commands/msg.rs:932769714094031429
./crates/cli/src/commands/mute.rs:15801975711266665776
./crates/cli/src/commands/op.rs:1873381539913553235
./crates/cli/src/commands/proxy/mod.rs:17089404468074153554
./crates/cli/src/commands/proxy/off.rs:11956599300964735047
./crates/cli/src/commands/proxy/on.rs:15076211768906612503
./crates/cli/src/commands/pwd.rs:3719275685104763025
./crates/cli/src/commands/reconnect.rs:8313281476178225346
./crates/cli/src/commands/reply.rs:6132021689040915880
./crates/cli/src/commands/route.rs:1481703913989313093
./crates/cli/src/commands/run.rs:7504741474751107023
./crates/cli/src/commands/schedule.rs:17413519625884319170
./crates/cli/src/commands/schedule_msg.rs:10247586106862870107
./crates/cli/src/commands/sessions.rs:13170608909258712325
./crates/cli/src/commands/set.rs:3651046048718810620
./crates/cli/src/commands/setg.rs:14461018311613285589
./crates/cli/src/commands/show/active_freqs.rs:11580992236714506043
./crates/cli/src/commands/show/active_users.rs:16417416943093641870
./crates/cli/src/commands/show/globals.rs:4215250018766365197
./crates/cli/src/commands/show/locals.rs:16103953165277425117
./crates/cli/src/commands/show/mod.rs:2444540552394142546
./crates/cli/src/commands/show/moderators.rs:2759857847250429381
./crates/cli/src/commands/show/options.rs:6852623665424342663
./crates/cli/src/commands/show/variables.rs:9949811590866041423
./crates/cli/src/commands/sleep.rs:9563677334794726569
./crates/cli/src/commands/status.rs:10539139349158782487
./crates/cli/src/commands/tasks.rs:4811305320822449013
./crates/cli/src/commands/tcpm/download.rs:12590965356586411394
./crates/cli/src/commands/tcpm/install.rs:4117992408792135904
./crates/cli/src/commands/tcpm/list/downloaded.rs:18299592339897897638
./crates/cli/src/commands/tcpm/list/installed.rs:3249925335650682069
./crates/cli/src/commands/tcpm/list/loaded.rs:9441603626014532273
./crates/cli/src/commands/tcpm/list/mod.rs:15941859431396986774
./crates/cli/src/commands/tcpm/list/registry.rs:10184163107363982477
./crates/cli/src/commands/tcpm/list/updates.rs:16076381067263946688
./crates/cli/src/commands/tcpm/mod.rs:7890666550122530592
./crates/cli/src/commands/tcpm/search.rs:13538044925759804962
./crates/cli/src/commands/tcpm/show.rs:15958774271128529505
./crates/cli/src/commands/tcpm/uninstall.rs:13822567671714642746
./crates/cli/src/commands/tcpm/update.rs:3460557488411274985
./crates/cli/src/commands/trop.rs:10144105197000495021
./crates/cli/src/commands/unban.rs:3798956652252298741
./crates/cli/src/commands/unignore.rs:16617133504543463373
./crates/cli/src/commands/unload/mod.rs:7867608399681569336
./crates/cli/src/commands/unload/namespace.rs:5901131478782451799
./crates/cli/src/commands/unload/plugin.rs:16580202421609079173
./crates/cli/src/commands/unmute.rs:13816092352115071736
./crates/cli/src/commands/unset.rs:13974662941835781217
./crates/cli/src/commands/unsetg.rs:15029524931210210882
./crates/cli/src/commands/upload.rs:12257317332519869593
./crates/cli/src/commands/user_info.rs:11054306640355038062
./crates/cli/src/commands/whoami.rs:12654474317567778135
